
Microsoft Visual Studio Solution File, Format Version 12.00
# Visual Studio Version 17
VisualStudioVersion = 17.6.33829.357
MinimumVisualStudioVersion = 10.0.40219.1
Project("{FAE04EC0-301F-11D3-BF4B-00C04F79EFBC}") = "CalisanTakipSistemi", "CalisanTakipSistemi\CalisanTakipSistemi.csproj", "{39F5479C-5270-46FA-813B-561FD2AB6A86}"
EndProject
Project("{FAE04EC0-301F-11D3-BF4B-00C04F79EFBC}") = "CalisanTakipSistemi.Data", "CalisanTakipSistemi.Data\CalisanTakipSistemi.Data.csproj", "{BDF56641-5FC6-4575-BCBC-5ADDA8619353}"
EndProject
Project("{FAE04EC0-301F-11D3-BF4B-00C04F79EFBC}") = "CalisanTakipSistemi.BusinessEngine", "CalisanTakipSistemi.BusinessEngine\CalisanTakipSistemi.BusinessEngine.csproj", "{3864A6C3-8D09-4F4D-A69E-8DE5EAEC88E0}"
EndProject
Project("{FAE04EC0-301F-11D3-BF4B-00C04F79EFBC}") = "CalisanTakipSistemi.Common", "CalisanTakipSistemi.Common\CalisanTakipSistemi.Common.csproj", "{279A5E0D-C4DF-43F2-A276-5BB9C2EF1BCB}"
EndProject
Global
	GlobalSection(SolutionConfigurationPlatforms) = preSolution
		Debug|Any CPU = Debug|Any CPU
		Release|Any CPU = Release|Any CPU
	EndGlobalSection
	GlobalSection(ProjectConfigurationPlatforms) = postSolution
		{39F5479C-5270-46FA-813B-561FD2AB6A86}.Debug|Any CPU.ActiveCfg = Debug|Any CPU
		{39F5479C-5270-46FA-813B-561FD2AB6A86}.Debug|Any CPU.Build.0 = Debug|Any CPU
		{39F5479C-5270-46FA-813B-561FD2AB6A86}.Release|Any CPU.ActiveCfg = Release|Any CPU
		{39F5479C-5270-46FA-813B-561FD2AB6A86}.Release|Any CPU.Build.0 = Release|Any CPU
		{BDF56641-5FC6-4575-BCBC-5ADDA8619353}.Debug|Any CPU.ActiveCfg = Debug|Any CPU
		{BDF56641-5FC6-4575-BCBC-5ADDA8619353}.Debug|Any CPU.Build.0 = Debug|Any CPU
		{BDF56641-5FC6-4575-BCBC-5ADDA8619353}.Release|Any CPU.ActiveCfg = Release|Any CPU
		{BDF56641-5FC6-4575-BCBC-5ADDA8619353}.Release|Any CPU.Build.0 = Release|Any CPU
		{3864A6C3-8D09-4F4D-A69E-8DE5EAEC88E0}.Debug|Any CPU.ActiveCfg = Debug|Any CPU
		{3864A6C3-8D09-4F4D-A69E-8DE5EAEC88E0}.Debug|Any CPU.Build.0 = Debug|Any CPU
		{3864A6C3-8D09-4F4D-A69E-8DE5EAEC88E0}.Release|Any CPU.ActiveCfg = Release|Any CPU
		{3864A6C3-8D09-4F4D-A69E-8DE5EAEC88E0}.Release|Any CPU.Build.0 = Release|Any CPU
		{279A5E0D-C4DF-43F2-A276-5BB9C2EF1BCB}.Debug|Any CPU.ActiveCfg = Debug|Any CPU
		{279A5E0D-C4DF-43F2-A276-5BB9C2EF1BCB}.Debug|Any CPU.Build.0 = Debug|Any CPU
		{279A5E0D-C4DF-43F2-A276-5BB9C2EF1BCB}.Release|Any CPU.ActiveCfg = Release|Any CPU
		{279A5E0D-C4DF-43F2-A276-5BB9C2EF1BCB}.Release|Any CPU.Build.0 = Release|Any CPU
	EndGlobalSection
	GlobalSection(SolutionProperties) = preSolution
		HideSolutionNode = FALSE
	EndGlobalSection
	GlobalSection(ExtensibilityGlobals) = postSolution
		SolutionGuid = {17B68149-747C-43DC-B970-E18B77DFA244}
	EndGlobalSection
EndGlobal
